
Microsoft Visual Studio Solution File, Format Version 12.00
# Visual Studio Version 17
VisualStudioVersion = 17.7.34031.279
MinimumVisualStudioVersion = 10.0.40219.1
Project("{8BC9CEB8-8B4A-11D0-8D11-00A0C91BC942}") = "KnightEngine", "KnightEngine\KnightEngine.vcxproj", "{F2C69F2A-D629-42E0-BA37-3ED2634EC2C5}"
EndProject
Project("{8BC9CEB8-8B4A-11D0-8D11-00A0C91BC942}") = "DeuxCells", "DeuxCells\DeuxCells.vcxproj", "{60D79474-638C-4076-BC13-06164F6DB81B}"
	ProjectSection(ProjectDependencies) = postProject
		{F2C69F2A-D629-42E0-BA37-3ED2634EC2C5} = {F2C69F2A-D629-42E0-BA37-3ED2634EC2C5}
	EndProjectSection
EndProject
Global
	GlobalSection(SolutionConfigurationPlatforms) = preSolution
		Debug|x64 = Debug|x64
		Debug|x86 = Debug|x86
		Release|x64 = Release|x64
		Release|x86 = Release|x86
	EndGlobalSection
	GlobalSection(ProjectConfigurationPlatforms) = postSolution
		{F2C69F2A-D629-42E0-BA37-3ED2634EC2C5}.Debug|x64.ActiveCfg = Debug|x64
		{F2C69F2A-D629-42E0-BA37-3ED2634EC2C5}.Debug|x64.Build.0 = Debug|x64
		{F2C69F2A-D629-42E0-BA37-3ED2634EC2C5}.Debug|x86.ActiveCfg = Debug|Win32
		{F2C69F2A-D629-42E0-BA37-3ED2634EC2C5}.Debug|x86.Build.0 = Debug|Win32
		{F2C69F2A-D629-42E0-BA37-3ED2634EC2C5}.Release|x64.ActiveCfg = Release|x64
		{F2C69F2A-D629-42E0-BA37-3ED2634EC2C5}.Release|x64.Build.0 = Release|x64
		{F2C69F2A-D629-42E0-BA37-3ED2634EC2C5}.Release|x86.ActiveCfg = Release|Win32
		{F2C69F2A-D629-42E0-BA37-3ED2634EC2C5}.Release|x86.Build.0 = Release|Win32
		{60D79474-638C-4076-BC13-06164F6DB81B}.Debug|x64.ActiveCfg = Debug|x64
		{60D79474-638C-4076-BC13-06164F6DB81B}.Debug|x64.Build.0 = Debug|x64
		{60D79474-638C-4076-BC13-06164F6DB81B}.Debug|x86.ActiveCfg = Debug|Win32
		{60D79474-638C-4076-BC13-06164F6DB81B}.Debug|x86.Build.0 = Debug|Win32
		{60D79474-638C-4076-BC13-06164F6DB81B}.Release|x64.ActiveCfg = Release|x64
		{60D79474-638C-4076-BC13-06164F6DB81B}.Release|x64.Build.0 = Release|x64
		{60D79474-638C-4076-BC13-06164F6DB81B}.Release|x86.ActiveCfg = Release|Win32
		{60D79474-638C-4076-BC13-06164F6DB81B}.Release|x86.Build.0 = Release|Win32
	EndGlobalSection
	GlobalSection(SolutionProperties) = preSolution
		HideSolutionNode = FALSE
	EndGlobalSection
	GlobalSection(ExtensibilityGlobals) = postSolution
		SolutionGuid = {1CBA1580-65C3-4BD0-84EB-96C3BA494A7B}
	EndGlobalSection
EndGlobal
